
Microsoft Visual Studio Solution File, Format Version 12.00
# Visual Studio Version 17
VisualStudioVersion = 17.9.34728.123
MinimumVisualStudioVersion = 10.0.40219.1
Project("{9A19103F-16F7-4668-BE54-9A1E7A4F7556}") = "DataApi", "DataApi.csproj", "{A96E90EA-BDB0-44ED-A6DE-7F1F8BEE9624}"
EndProject
Global
	GlobalSection(SolutionConfigurationPlatforms) = preSolution
		Debug|Any CPU = Debug|Any CPU
		Release|Any CPU = Release|Any CPU
	EndGlobalSection
	GlobalSection(ProjectConfigurationPlatforms) = postSolution
		{A96E90EA-BDB0-44ED-A6DE-7F1F8BEE9624}.Debug|Any CPU.ActiveCfg = Debug|Any CPU
		{A96E90EA-BDB0-44ED-A6DE-7F1F8BEE9624}.Debug|Any CPU.Build.0 = Debug|Any CPU
		{A96E90EA-BDB0-44ED-A6DE-7F1F8BEE9624}.Release|Any CPU.ActiveCfg = Release|Any CPU
		{A96E90EA-BDB0-44ED-A6DE-7F1F8BEE9624}.Release|Any CPU.Build.0 = Release|Any CPU
	EndGlobalSection
	GlobalSection(SolutionProperties) = preSolution
		HideSolutionNode = FALSE
	EndGlobalSection
	GlobalSection(ExtensibilityGlobals) = postSolution
		SolutionGuid = {C8A11AA5-06DE-43AA-BB3A-DA7F0C0EB582}
	EndGlobalSection
EndGlobal
